// !$*UTF8*$!
{
	archiveVersion = 1;
	classes = {
	};
	objectVersion = 46;
	objects = {

/* Begin PBXBuildFile section */
		9F9E151E1C853256001673C6 /* AppDelegate.swift in Sources */ = {isa = PBXBuildFile; fileRef = 9F9E151D1C853256001673C6 /* AppDelegate.swift */; };
		9F9E15201C853256001673C6 /* ViewController.swift in Sources */ = {isa = PBXBuildFile; fileRef = 9F9E151F1C853256001673C6 /* ViewController.swift */; };
		9F9E15231C853256001673C6 /* Main.storyboard in Resources */ = {isa = PBXBuildFile; fileRef = 9F9E15211C853256001673C6 /* Main.storyboard */; };
		9F9E15251C853256001673C6 /* Assets.xcassets in Resources */ = {isa = PBXBuildFile; fileRef = 9F9E15241C853256001673C6 /* Assets.xcassets */; };
		9F9E15281C853256001673C6 /* LaunchScreen.storyboard in Resources */ = {isa = PBXBuildFile; fileRef = 9F9E15261C853256001673C6 /* LaunchScreen.storyboard */; };
		9F9E15331C853257001673C6 /* hello_worldTests.swift in Sources */ = {isa = PBXBuildFile; fileRef = 9F9E15321C853257001673C6 /* hello_worldTests.swift */; };
		9F9E153E1C853257001673C6 /* hello_worldUITests.swift in Sources */ = {isa = PBXBuildFile; fileRef = 9F9E153D1C853257001673C6 /* hello_worldUITests.swift */; };
/* End PBXBuildFile section */

/* Begin PBXContainerItemProxy section */
		9F9E152F1C853257001673C6 /* PBXContainerItemProxy */ = {
			isa = PBXContainerItemProxy;
			containerPortal = 9F9E15121C853256001673C6 /* Project object */;
			proxyType = 1;
			remoteGlobalIDString = 9F9E15191C853256001673C6;
			remoteInfo = "hello-world";
		};
		9F9E153A1C853257001673C6 /* PBXContainerItemProxy */ = {
			isa = PBXContainerItemProxy;
			containerPortal = 9F9E15121C853256001673C6 /* Project object */;
			proxyType = 1;
			remoteGlobalIDString = 9F9E15191C853256001673C6;
			remoteInfo = "hello-world";
		};
/* End PBXContainerItemProxy section */

/* Begin PBXFileReference section */
		9F9E151A1C853256001673C6 /* hello-world.app */ = {isa = PBXFileReference; explicitFileType = wrapper.application; includeInIndex = 0; path = "hello-world.app"; sourceTree = BUILT_PRODUCTS_DIR; };
		9F9E151D1C853256001673C6 /* AppDelegate.swift */ = {isa = PBXFileReference; lastKnownFileType = sourcecode.swift; path = AppDelegate.swift; sourceTree = "<group>"; };
		9F9E151F1C853256001673C6 /* ViewController.swift */ = {isa = PBXFileReference; lastKnownFileType = sourcecode.swift; path = ViewController.swift; sourceTree = "<group>"; };
		9F9E15221C853256001673C6 /* Base */ = {isa = PBXFileReference; lastKnownFileType = file.storyboard; name = Base; path = Base.lproj/Main.storyboard; sourceTree = "<group>"; };
		9F9E15241C853256001673C6 /* Assets.xcassets */ = {isa = PBXFileReference; lastKnownFileType = folder.assetcatalog; path = Assets.xcassets; sourceTree = "<group>"; };
		9F9E15271C853256001673C6 /* Base */ = {isa = PBXFileReference; lastKnownFileType = file.storyboard; name = Base; path = Base.lproj/LaunchScreen.storyboard; sourceTree = "<group>"; };
		9F9E15291C853256001673C6 /* Info.plist */ = {isa = PBXFileReference; lastKnownFileType = text.plist.xml; path = Info.plist; sourceTree = "<group>"; };
		9F9E152E1C853257001673C6 /* hello-worldTests.xctest */ = {isa = PBXFileReference; explicitFileType = wrapper.cfbundle; includeInIndex = 0; path = "hello-worldTests.xctest"; sourceTree = BUILT_PRODUCTS_DIR; };
		9F9E15321C853257001673C6 /* hello_worldTests.swift */ = {isa = PBXFileReference; lastKnownFileType = sourcecode.swift; path = hello_worldTests.swift; sourceTree = "<group>"; };
		9F9E15341C853257001673C6 /* Info.plist */ = {isa = PBXFileReference; lastKnownFileType = text.plist.xml; path = Info.plist; sourceTree = "<group>"; };
		9F9E15391C853257001673C6 /* hello-worldUITests.xctest */ = {isa = PBXFileReference; explicitFileType = wrapper.cfbundle; includeInIndex = 0; path = "hello-worldUITests.xctest"; sourceTree = BUILT_PRODUCTS_DIR; };
		9F9E153D1C853257001673C6 /* hello_worldUITests.swift */ = {isa = PBXFileReference; lastKnownFileType = sourcecode.swift; path = hello_worldUITests.swift; sourceTree = "<group>"; };
		9F9E153F1C853257001673C6 /* Info.plist */ = {isa = PBXFileReference; lastKnownFileType = text.plist.xml; path = Info.plist; sourceTree = "<group>"; };
/* End PBXFileReference section */

/* Begin PBXFrameworksBuildPhase section */
		9F9E15171C853256001673C6 /* Frameworks */ = {
			isa = PBXFrameworksBuildPhase;
			buildActionMask = 2147483647;
			files = (
			);
			runOnlyForDeploymentPostprocessing = 0;
		};
		9F9E152B1C853257001673C6 /* Frameworks */ = {
			isa = PBXFrameworksBuildPhase;
			buildActionMask = 2147483647;
			files = (
			);
			runOnlyForDeploymentPostprocessing = 0;
		};
		9F9E15361C853257001673C6 /* Frameworks */ = {
			isa = PBXFrameworksBuildPhase;
			buildActionMask = 2147483647;
			files = (
			);
			runOnlyForDeploymentPostprocessing = 0;
		};
/* End PBXFrameworksBuildPhase section */

/* Begin PBXGroup section */
		9F9E15111C853256001673C6 = {
			isa = PBXGroup;
			children = (
				9F9E151C1C853256001673C6 /* hello-world */,
				9F9E15311C853257001673C6 /* hello-worldTests */,
				9F9E153C1C853257001673C6 /* hello-worldUITests */,
				9F9E151B1C853256001673C6 /* Products */,
			);
			sourceTree = "<group>";
		};
		9F9E151B1C853256001673C6 /* Products */ = {
			isa = PBXGroup;
			children = (
				9F9E151A1C853256001673C6 /* hello-world.app */,
				9F9E152E1C853257001673C6 /* hello-worldTests.xctest */,
				9F9E15391C853257001673C6 /* hello-worldUITests.xctest */,
			);
			name = Products;
			sourceTree = "<group>";
		};
		9F9E151C1C853256001673C6 /* hello-world */ = {
			isa = PBXGroup;
			children = (
				9F9E151D1C853256001673C6 /* AppDelegate.swift */,
				9F9E151F1C853256001673C6 /* ViewController.swift */,
				9F9E15211C853256001673C6 /* Main.storyboard */,
				9F9E15241C853256001673C6 /* Assets.xcassets */,
				9F9E15261C853256001673C6 /* LaunchScreen.storyboard */,
				9F9E15291C853256001673C6 /* Info.plist */,
			);
			path = "hello-world";
			sourceTree = "<group>";
		};
		9F9E15311C853257001673C6 /* hello-worldTests */ = {
			isa = PBXGroup;
			children = (
				9F9E15321C853257001673C6 /* hello_worldTests.swift */,
				9F9E15341C853257001673C6 /* Info.plist */,
			);
			path = "hello-worldTests";
			sourceTree = "<group>";
		};
		9F9E153C1C853257001673C6 /* hello-worldUITests */ = {
			isa = PBXGroup;
			children = (
				9F9E153D1C853257001673C6 /* hello_worldUITests.swift */,
				9F9E153F1C853257001673C6 /* Info.plist */,
			);
			path = "hello-worldUITests";
			sourceTree = "<group>";
		};
/* End PBXGroup section */

/* Begin PBXNativeTarget section */
		9F9E15191C853256001673C6 /* hello-world */ = {
			isa = PBXNativeTarget;
			buildConfigurationList = 9F9E15421C853257001673C6 /* Build configuration list for PBXNativeTarget "hello-world" */;
			buildPhases = (
				9F9E15161C853256001673C6 /* Sources */,
				9F9E15171C853256001673C6 /* Frameworks */,
				9F9E15181C853256001673C6 /* Resources */,
			);
			buildRules = (
			);
			dependencies = (
			);
			name = "hello-world";
			productName = "hello-world";
			productReference = 9F9E151A1C853256001673C6 /* hello-world.app */;
			productType = "com.apple.product-type.application";
		};
		9F9E152D1C853257001673C6 /* hello-worldTests */ = {
			isa = PBXNativeTarget;
			buildConfigurationList = 9F9E15451C853257001673C6 /* Build configuration list for PBXNativeTarget "hello-worldTests" */;
			buildPhases = (
				9F9E152A1C853257001673C6 /* Sources */,
				9F9E152B1C853257001673C6 /* Frameworks */,
				9F9E152C1C853257001673C6 /* Resources */,
			);
			buildRules = (
			);
			dependencies = (
				9F9E15301C853257001673C6 /* PBXTargetDependency */,
			);
			name = "hello-worldTests";
			productName = "hello-worldTests";
			productReference = 9F9E152E1C853257001673C6 /* hello-worldTests.xctest */;
			productType = "com.apple.product-type.bundle.unit-test";
		};
		9F9E15381C853257001673C6 /* hello-worldUITests */ = {
			isa = PBXNativeTarget;
			buildConfigurationList = 9F9E15481C853257001673C6 /* Build configuration list for PBXNativeTarget "hello-worldUITests" */;
			buildPhases = (
				9F9E15351C853257001673C6 /* Sources */,
				9F9E15361C853257001673C6 /* Frameworks */,
				9F9E15371C853257001673C6 /* Resources */,
			);
			buildRules = (
			);
			dependencies = (
				9F9E153B1C853257001673C6 /* PBXTargetDependency */,
			);
			name = "hello-worldUITests";
			productName = "hello-worldUITests";
			productReference = 9F9E15391C853257001673C6 /* hello-worldUITests.xctest */;
			productType = "com.apple.product-type.bundle.ui-testing";
		};
/* End PBXNativeTarget section */

/* Begin PBXProject section */
		9F9E15121C853256001673C6 /* Project object */ = {
			isa = PBXProject;
			attributes = {
				LastSwiftUpdateCheck = 0720;
				LastUpgradeCheck = 0830;
				ORGANIZATIONNAME = Carl;
				TargetAttributes = {
					9F9E15191C853256001673C6 = {
						CreatedOnToolsVersion = 7.2;
						DevelopmentTeam = 3WUFW2UF78;
						LastSwiftMigration = 0830;
					};
					9F9E152D1C853257001673C6 = {
						CreatedOnToolsVersion = 7.2;
						DevelopmentTeam = 3WUFW2UF78;
						LastSwiftMigration = 0830;
						TestTargetID = 9F9E15191C853256001673C6;
					};
					9F9E15381C853257001673C6 = {
						CreatedOnToolsVersion = 7.2;
						DevelopmentTeam = 3WUFW2UF78;
						LastSwiftMigration = 0830;
						TestTargetID = 9F9E15191C853256001673C6;
					};
				};
			};
			buildConfigurationList = 9F9E15151C853256001673C6 /* Build configuration list for PBXProject "hello-world" */;
			compatibilityVersion = "Xcode 3.2";
			developmentRegion = English;
			hasScannedForEncodings = 0;
			knownRegions = (
				en,
				Base,
			);
			mainGroup = 9F9E15111C853256001673C6;
			productRefGroup = 9F9E151B1C853256001673C6 /* Products */;
			projectDirPath = "";
			projectRoot = "";
			targets = (
				9F9E15191C853256001673C6 /* hello-world */,
				9F9E152D1C853257001673C6 /* hello-worldTests */,
				9F9E15381C853257001673C6 /* hello-worldUITests */,
			);
		};
/* End PBXProject section */

/* Begin PBXResourcesBuildPhase section */
		9F9E15181C853256001673C6 /* Resources */ = {
			isa = PBXResourcesBuildPhase;
			buildActionMask = 2147483647;
			files = (
				9F9E15281C853256001673C6 /* LaunchScreen.storyboard in Resources */,
				9F9E15251C853256001673C6 /* Assets.xcassets in Resources */,
				9F9E15231C853256001673C6 /* Main.storyboard in Resources */,
			);
			runOnlyForDeploymentPostprocessing = 0;
		};
		9F9E152C1C853257001673C6 /* Resources */ = {
			isa = PBXResourcesBuildPhase;
			buildActionMask = 2147483647;
			files = (
			);
			runOnlyForDeploymentPostprocessing = 0;
		};
		9F9E15371C853257001673C6 /* Resources */ = {
			isa = PBXResourcesBuildPhase;
			buildActionMask = 2147483647;
			files = (
			);
			runOnlyForDeploymentPostprocessing = 0;
		};
/* End PBXResourcesBuildPhase section */

/* Begin PBXSourcesBuildPhase section */
		9F9E15161C853256001673C6 /* Sources */ = {
			isa = PBXSourcesBuildPhase;
			buildActionMask = 2147483647;
			files = (
				9F9E15201C853256001673C6 /* ViewController.swift in Sources */,
				9F9E151E1C853256001673C6 /* AppDelegate.swift in Sources */,
			);
			runOnlyForDeploymentPostprocessing = 0;
		};
		9F9E152A1C853257001673C6 /* Sources */ = {
			isa = PBXSourcesBuildPhase;
			buildActionMask = 2147483647;
			files = (
				9F9E15331C853257001673C6 /* hello_worldTests.swift in Sources */,
			);
			runOnlyForDeploymentPostprocessing = 0;
		};
		9F9E15351C853257001673C6 /* Sources */ = {
			isa = PBXSourcesBuildPhase;
			buildActionMask = 2147483647;
			files = (
				9F9E153E1C853257001673C6 /* hello_worldUITests.swift in Sources */,
			);
			runOnlyForDeploymentPostprocessing = 0;
		};
/* End PBXSourcesBuildPhase section */

/* Begin PBXTargetDependency section */
		9F9E15301C853257001673C6 /* PBXTargetDependency */ = {
			isa = PBXTargetDependency;
			target = 9F9E15191C853256001673C6 /* hello-world */;
			targetProxy = 9F9E152F1C853257001673C6 /* PBXContainerItemProxy */;
		};
		9F9E153B1C853257001673C6 /* PBXTargetDependency */ = {
			isa = PBXTargetDependency;
			target = 9F9E15191C853256001673C6 /* hello-world */;
			targetProxy = 9F9E153A1C853257001673C6 /* PBXContainerItemProxy */;
		};
/* End PBXTargetDependency section */

/* Begin PBXVariantGroup section */
		9F9E15211C853256001673C6 /* Main.storyboard */ = {
			isa = PBXVariantGroup;
			children = (
				9F9E15221C853256001673C6 /* Base */,
			);
			name = Main.storyboard;
			sourceTree = "<group>";
		};
		9F9E15261C853256001673C6 /* LaunchScreen.storyboard */ = {
			isa = PBXVariantGroup;
			children = (
				9F9E15271C853256001673C6 /* Base */,
			);
			name = LaunchScreen.storyboard;
			sourceTree = "<group>";
		};
/* End PBXVariantGroup section */

/* Begin XCBuildConfiguration section */
		9F9E15401C853257001673C6 /* Debug */ = {
			isa = XCBuildConfiguration;
			buildSettings = {
				ALWAYS_SEARCH_USER_PATHS = NO;
				CLANG_CXX_LANGUAGE_STANDARD = "gnu++0x";
				CLANG_CXX_LIBRARY = "libc++";
				CLANG_ENABLE_MODULES = YES;
				CLANG_ENABLE_OBJC_ARC = YES;
				CLANG_WARN_BOOL_CONVERSION = YES;
				CLANG_WARN_CONSTANT_CONVERSION = YES;
				CLANG_WARN_DIRECT_OBJC_ISA_USAGE = YES_ERROR;
				CLANG_WARN_EMPTY_BODY = YES;
				CLANG_WARN_ENUM_CONVERSION = YES;
				CLANG_WARN_INFINITE_RECURSION = YES;
				CLANG_WARN_INT_CONVERSION = YES;
				CLANG_WARN_OBJC_ROOT_CLASS = YES_ERROR;
				CLANG_WARN_SUSPICIOUS_MOVE = YES;
				CLANG_WARN_UNREACHABLE_CODE = YES;
				CLANG_WARN__DUPLICATE_METHOD_MATCH = YES;
				"CODE_SIGN_IDENTITY[sdk=iphoneos*]" = "iPhone Developer";
				COPY_PHASE_STRIP = NO;
				DEBUG_INFORMATION_FORMAT = dwarf;
				ENABLE_STRICT_OBJC_MSGSEND = YES;
				ENABLE_TESTABILITY = YES;
				GCC_C_LANGUAGE_STANDARD = gnu99;
				GCC_DYNAMIC_NO_PIC = NO;
				GCC_NO_COMMON_BLOCKS = YES;
				GCC_OPTIMIZATION_LEVEL = 0;
				GCC_PREPROCESSOR_DEFINITIONS = (
					"DEBUG=1",
					"$(inherited)",
				);
				GCC_WARN_64_TO_32_BIT_CONVERSION = YES;
				GCC_WARN_ABOUT_RETURN_TYPE = YES_ERROR;
				GCC_WARN_UNDECLARED_SELECTOR = YES;
				GCC_WARN_UNINITIALIZED_AUTOS = YES_AGGRESSIVE;
				GCC_WARN_UNUSED_FUNCTION = YES;
				GCC_WARN_UNUSED_VARIABLE = YES;
				IPHONEOS_DEPLOYMENT_TARGET = 10.0;
				MTL_ENABLE_DEBUG_INFO = YES;
				ONLY_ACTIVE_ARCH = YES;
				SDKROOT = iphoneos;
				SWIFT_OPTIMIZATION_LEVEL = "-Onone";
			};
			name = Debug;
		};
		9F9E15411C853257001673C6 /* Release */ = {
			isa = XCBuildConfiguration;
			buildSettings = {
				ALWAYS_SEARCH_USER_PATHS = NO;
				CLANG_CXX_LANGUAGE_STANDARD = "gnu++0x";
				CLANG_CXX_LIBRARY = "libc++";
				CLANG_ENABLE_MODULES = YES;
				CLANG_ENABLE_OBJC_ARC = YES;
				CLANG_WARN_BOOL_CONVERSION = YES;
				CLANG_WARN_CONSTANT_CONVERSION = YES;
				CLANG_WARN_DIRECT_OBJC_ISA_USAGE = YES_ERROR;
				CLANG_WARN_EMPTY_BODY = YES;
				CLANG_WARN_ENUM_CONVERSION = YES;
				CLANG_WARN_INFINITE_RECURSION = YES;
				CLANG_WARN_INT_CONVERSION = YES;
				CLANG_WARN_OBJC_ROOT_CLASS = YES_ERROR;
				CLANG_WARN_SUSPICIOUS_MOVE = YES;
				CLANG_WARN_UNREACHABLE_CODE = YES;
				CLANG_WARN__DUPLICATE_METHOD_MATCH = YES;
				"CODE_SIGN_IDENTITY[sdk=iphoneos*]" = "iPhone Developer";
				COPY_PHASE_STRIP = NO;
				DEBUG_INFORMATION_FORMAT = "dwarf-with-dsym";
				ENABLE_NS_ASSERTIONS = NO;
				ENABLE_STRICT_OBJC_MSGSEND = YES;
				GCC_C_LANGUAGE_STANDARD = gnu99;
				GCC_NO_COMMON_BLOCKS = YES;
				GCC_WARN_64_TO_32_BIT_CONVERSION = YES;
				GCC_WARN_ABOUT_RETURN_TYPE = YES_ERROR;
				GCC_WARN_UNDECLARED_SELECTOR = YES;
				GCC_WARN_UNINITIALIZED_AUTOS = YES_AGGRESSIVE;
				GCC_WARN_UNUSED_FUNCTION = YES;
				GCC_WARN_UNUSED_VARIABLE = YES;
				IPHONEOS_DEPLOYMENT_TARGET = 10.0;
				MTL_ENABLE_DEBUG_INFO = NO;
				SDKROOT = iphoneos;
				SWIFT_OPTIMIZATION_LEVEL = "-Owholemodule";
				VALIDATE_PRODUCT = YES;
			};
			name = Release;
		};
		9F9E15431C853257001673C6 /* Debug */ = {
			isa = XCBuildConfiguration;
			buildSettings = {
				ASSETCATALOG_COMPILER_APPICON_NAME = AppIcon;
				DEVELOPMENT_TEAM = 3WUFW2UF78;
				INFOPLIST_FILE = "hello-world/Info.plist";
				LD_RUNPATH_SEARCH_PATHS = "$(inherited) @executable_path/Frameworks";
				PRODUCT_BUNDLE_IDENTIFIER = "com.LM.hello-world";
				PRODUCT_NAME = "$(TARGET_NAME)";
				SWIFT_VERSION = 3.0;
			};
			name = Debug;
		};
		9F9E15441C853257001673C6 /* Release */ = {
			isa = XCBuildConfiguration;
			buildSettings = {
				ASSETCATALOG_COMPILER_APPICON_NAME = AppIcon;
				DEVELOPMENT_TEAM = 3WUFW2UF78;
				INFOPLIST_FILE = "hello-world/Info.plist";
				LD_RUNPATH_SEARCH_PATHS = "$(inherited) @executable_path/Frameworks";
				PRODUCT_BUNDLE_IDENTIFIER = "com.LM.hello-world";
				PRODUCT_NAME = "$(TARGET_NAME)";
				SWIFT_VERSION = 3.0;
			};
			name = Release;
		};
		9F9E15461C853257001673C6 /* Debug */ = {
			isa = XCBuildConfiguration;
			buildSettings = {
				BUNDLE_LOADER = "$(TEST_HOST)";
				DEVELOPMENT_TEAM = 3WUFW2UF78;
				INFOPLIST_FILE = "hello-worldTests/Info.plist";
				LD_RUNPATH_SEARCH_PATHS = "$(inherited) @executable_path/Frameworks @loader_path/Frameworks";
				PRODUCT_BUNDLE_IDENTIFIER = "com.LM.hello-worldTests";
				PRODUCT_NAME = "$(TARGET_NAME)";
				SWIFT_VERSION = 3.0;
				TEST_HOST = "$(BUILT_PRODUCTS_DIR)/hello-world.app/hello-world";
			};
			name = Debug;
		};
		9F9E15471C853257001673C6 /* Release */ = {
			isa = XCBuildConfiguration;
			buildSettings = {
				BUNDLE_LOADER = "$(TEST_HOST)";
				DEVELOPMENT_TEAM = 3WUFW2UF78;
				INFOPLIST_FILE = "hello-worldTests/Info.plist";
				LD_RUNPATH_SEARCH_PATHS = "$(inherited) @executable_path/Frameworks @loader_path/Frameworks";
				PRODUCT_BUNDLE_IDENTIFIER = "com.LM.hello-worldTests";
				PRODUCT_NAME = "$(TARGET_NAME)";
				SWIFT_VERSION = 3.0;
				TEST_HOST = "$(BUILT_PRODUCTS_DIR)/hello-world.app/hello-world";
			};
			name = Release;
		};
		9F9E15491C853257001673C6 /* Debug */ = {
			isa = XCBuildConfiguration;
			buildSettings = {
				DEVELOPMENT_TEAM = 3WUFW2UF78;
				INFOPLIST_FILE = "hello-worldUITests/Info.plist";
				LD_RUNPATH_SEARCH_PATHS = "$(inherited) @executable_path/Frameworks @loader_path/Frameworks";
				PRODUCT_BUNDLE_IDENTIFIER = "com.LM.hello-worldUITests";
				PRODUCT_NAME = "$(TARGET_NAME)";
				SWIFT_VERSION = 3.0;
				TEST_TARGET_NAME = "hello-world";
				USES_XCTRUNNER = YES;
			};
			name = Debug;
		};
		9F9E154A1C853257001673C6 /* Release */ = {
			isa = XCBuildConfiguration;
			buildSettings = {
				DEVELOPMENT_TEAM = 3WUFW2UF78;
				INFOPLIST_FILE = "hello-worldUITests/Info.plist";
				LD_RUNPATH_SEARCH_PATHS = "$(inherited) @executable_path/Frameworks @loader_path/Frameworks";
				PRODUCT_BUNDLE_IDENTIFIER = "com.LM.hello-worldUITests";
				PRODUCT_NAME = "$(TARGET_NAME)";
				SWIFT_VERSION = 3.0;
				TEST_TARGET_NAME = "hello-world";
				USES_XCTRUNNER = YES;
			};
			name = Release;
		};
/* End XCBuildConfiguration section */

/* Begin XCConfigurationList section */
		9F9E15151C853256001673C6 /* Build configuration list for PBXProject "hello-world" */ = {
			isa = XCConfigurationList;
			buildConfigurations = (
				9F9E15401C853257001673C6 /* Debug */,
				9F9E15411C853257001673C6 /* Release */,
			);
			defaultConfigurationIsVisible = 0;
			defaultConfigurationName = Release;
		};
		9F9E15421C853257001673C6 /* Build configuration list for PBXNativeTarget "hello-world" */ = {
			isa = XCConfigurationList;
			buildConfigurations = (
				9F9E15431C853257001673C6 /* Debug */,
				9F9E15441C853257001673C6 /* Release */,
			);
			defaultConfigurationIsVisible = 0;
			defaultConfigurationName = Release;
		};
		9F9E15451C853257001673C6 /* Build configuration list for PBXNativeTarget "hello-worldTests" */ = {
			isa = XCConfigurationList;
			buildConfigurations = (
				9F9E15461C853257001673C6 /* Debug */,
				9F9E15471C853257001673C6 /* Release */,
			);
			defaultConfigurationIsVisible = 0;
			defaultConfigurationName = Release;
		};
		9F9E15481C853257001673C6 /* Build configuration list for PBXNativeTarget "hello-worldUITests" */ = {
			isa = XCConfigurationList;
			buildConfigurations = (
				9F9E15491C853257001673C6 /* Debug */,
				9F9E154A1C853257001673C6 /* Release */,
			);
			defaultConfigurationIsVisible = 0;
			defaultConfigurationName = Release;
		};
/* End XCConfigurationList section */
	};
	rootObject = 9F9E15121C853256001673C6 /* Project object */;
}
