// !$*UTF8*$!
{
	archiveVersion = 1;
	classes = {
	};
	objectVersion = 48;
	objects = {

/* Begin PBXBuildFile section */
		4729E55D1F7BA9CF005DFE01 /* AppDelegate.swift in Sources */ = {isa = PBXBuildFile; fileRef = 4729E55C1F7BA9CF005DFE01 /* AppDelegate.swift */; };
		4729E55F1F7BA9CF005DFE01 /* ViewController.swift in Sources */ = {isa = PBXBuildFile; fileRef = 4729E55E1F7BA9CF005DFE01 /* ViewController.swift */; };
		4729E5621F7BA9CF005DFE01 /* Main.storyboard in Resources */ = {isa = PBXBuildFile; fileRef = 4729E5601F7BA9CF005DFE01 /* Main.storyboard */; };
		4729E5641F7BA9CF005DFE01 /* Assets.xcassets in Resources */ = {isa = PBXBuildFile; fileRef = 4729E5631F7BA9CF005DFE01 /* Assets.xcassets */; };
		4729E5671F7BA9CF005DFE01 /* LaunchScreen.storyboard in Resources */ = {isa = PBXBuildFile; fileRef = 4729E5651F7BA9CF005DFE01 /* LaunchScreen.storyboard */; };
		4729E5721F7BA9CF005DFE01 /* hello_worldTests.swift in Sources */ = {isa = PBXBuildFile; fileRef = 4729E5711F7BA9CF005DFE01 /* hello_worldTests.swift */; };
		4729E57D1F7BA9CF005DFE01 /* hello_worldUITests.swift in Sources */ = {isa = PBXBuildFile; fileRef = 4729E57C1F7BA9CF005DFE01 /* hello_worldUITests.swift */; };
		F50A0E329CA25CD745DD341D /* libPods-hello-world.a in Frameworks */ = {isa = PBXBuildFile; fileRef = 3B141A474F6570036CB25D99 /* libPods-hello-world.a */; };
/* End PBXBuildFile section */

/* Begin PBXContainerItemProxy section */
		4729E56E1F7BA9CF005DFE01 /* PBXContainerItemProxy */ = {
			isa = PBXContainerItemProxy;
			containerPortal = 4729E5511F7BA9CF005DFE01 /* Project object */;
			proxyType = 1;
			remoteGlobalIDString = 4729E5581F7BA9CF005DFE01;
			remoteInfo = "hello-world";
		};
		4729E5791F7BA9CF005DFE01 /* PBXContainerItemProxy */ = {
			isa = PBXContainerItemProxy;
			containerPortal = 4729E5511F7BA9CF005DFE01 /* Project object */;
			proxyType = 1;
			remoteGlobalIDString = 4729E5581F7BA9CF005DFE01;
			remoteInfo = "hello-world";
		};
/* End PBXContainerItemProxy section */

/* Begin PBXFileReference section */
		3B141A474F6570036CB25D99 /* libPods-hello-world.a */ = {isa = PBXFileReference; explicitFileType = archive.ar; includeInIndex = 0; path = "libPods-hello-world.a"; sourceTree = BUILT_PRODUCTS_DIR; };
		4729E5591F7BA9CF005DFE01 /* hello-world.app */ = {isa = PBXFileReference; explicitFileType = wrapper.application; includeInIndex = 0; path = "hello-world.app"; sourceTree = BUILT_PRODUCTS_DIR; };
		4729E55C1F7BA9CF005DFE01 /* AppDelegate.swift */ = {isa = PBXFileReference; lastKnownFileType = sourcecode.swift; path = AppDelegate.swift; sourceTree = "<group>"; };
		4729E55E1F7BA9CF005DFE01 /* ViewController.swift */ = {isa = PBXFileReference; lastKnownFileType = sourcecode.swift; path = ViewController.swift; sourceTree = "<group>"; };
		4729E5611F7BA9CF005DFE01 /* Base */ = {isa = PBXFileReference; lastKnownFileType = file.storyboard; name = Base; path = Base.lproj/Main.storyboard; sourceTree = "<group>"; };
		4729E5631F7BA9CF005DFE01 /* Assets.xcassets */ = {isa = PBXFileReference; lastKnownFileType = folder.assetcatalog; path = Assets.xcassets; sourceTree = "<group>"; };
		4729E5661F7BA9CF005DFE01 /* Base */ = {isa = PBXFileReference; lastKnownFileType = file.storyboard; name = Base; path = Base.lproj/LaunchScreen.storyboard; sourceTree = "<group>"; };
		4729E5681F7BA9CF005DFE01 /* Info.plist */ = {isa = PBXFileReference; lastKnownFileType = text.plist.xml; path = Info.plist; sourceTree = "<group>"; };
		4729E56D1F7BA9CF005DFE01 /* hello-worldTests.xctest */ = {isa = PBXFileReference; explicitFileType = wrapper.cfbundle; includeInIndex = 0; path = "hello-worldTests.xctest"; sourceTree = BUILT_PRODUCTS_DIR; };
		4729E5711F7BA9CF005DFE01 /* hello_worldTests.swift */ = {isa = PBXFileReference; lastKnownFileType = sourcecode.swift; path = hello_worldTests.swift; sourceTree = "<group>"; };
		4729E5731F7BA9CF005DFE01 /* Info.plist */ = {isa = PBXFileReference; lastKnownFileType = text.plist.xml; path = Info.plist; sourceTree = "<group>"; };
		4729E5781F7BA9CF005DFE01 /* hello-worldUITests.xctest */ = {isa = PBXFileReference; explicitFileType = wrapper.cfbundle; includeInIndex = 0; path = "hello-worldUITests.xctest"; sourceTree = BUILT_PRODUCTS_DIR; };
		4729E57C1F7BA9CF005DFE01 /* hello_worldUITests.swift */ = {isa = PBXFileReference; lastKnownFileType = sourcecode.swift; path = hello_worldUITests.swift; sourceTree = "<group>"; };
		4729E57E1F7BA9CF005DFE01 /* Info.plist */ = {isa = PBXFileReference; lastKnownFileType = text.plist.xml; path = Info.plist; sourceTree = "<group>"; };
		4D40BE723338A3FAE8A9B28D /* Pods-hello-world.debug.xcconfig */ = {isa = PBXFileReference; includeInIndex = 1; lastKnownFileType = text.xcconfig; name = "Pods-hello-world.debug.xcconfig"; path = "Pods/Target Support Files/Pods-hello-world/Pods-hello-world.debug.xcconfig"; sourceTree = "<group>"; };
		79CA2A554395D08484F3A786 /* Pods-hello-world.release.xcconfig */ = {isa = PBXFileReference; includeInIndex = 1; lastKnownFileType = text.xcconfig; name = "Pods-hello-world.release.xcconfig"; path = "Pods/Target Support Files/Pods-hello-world/Pods-hello-world.release.xcconfig"; sourceTree = "<group>"; };
/* End PBXFileReference section */

/* Begin PBXFrameworksBuildPhase section */
		4729E5561F7BA9CF005DFE01 /* Frameworks */ = {
			isa = PBXFrameworksBuildPhase;
			buildActionMask = 2147483647;
			files = (
				F50A0E329CA25CD745DD341D /* libPods-hello-world.a in Frameworks */,
			);
			runOnlyForDeploymentPostprocessing = 0;
		};
		4729E56A1F7BA9CF005DFE01 /* Frameworks */ = {
			isa = PBXFrameworksBuildPhase;
			buildActionMask = 2147483647;
			files = (
			);
			runOnlyForDeploymentPostprocessing = 0;
		};
		4729E5751F7BA9CF005DFE01 /* Frameworks */ = {
			isa = PBXFrameworksBuildPhase;
			buildActionMask = 2147483647;
			files = (
			);
			runOnlyForDeploymentPostprocessing = 0;
		};
/* End PBXFrameworksBuildPhase section */

/* Begin PBXGroup section */
		22405D8E55A112BBADFFA440 /* Pods */ = {
			isa = PBXGroup;
			children = (
				4D40BE723338A3FAE8A9B28D /* Pods-hello-world.debug.xcconfig */,
				79CA2A554395D08484F3A786 /* Pods-hello-world.release.xcconfig */,
			);
			name = Pods;
			sourceTree = "<group>";
		};
		4729E5501F7BA9CF005DFE01 = {
			isa = PBXGroup;
			children = (
				4729E55B1F7BA9CF005DFE01 /* hello-world */,
				4729E5701F7BA9CF005DFE01 /* hello-worldTests */,
				4729E57B1F7BA9CF005DFE01 /* hello-worldUITests */,
				4729E55A1F7BA9CF005DFE01 /* Products */,
				22405D8E55A112BBADFFA440 /* Pods */,
				A0DC7B13DB25A34AD70881AD /* Frameworks */,
			);
			sourceTree = "<group>";
		};
		4729E55A1F7BA9CF005DFE01 /* Products */ = {
			isa = PBXGroup;
			children = (
				4729E5591F7BA9CF005DFE01 /* hello-world.app */,
				4729E56D1F7BA9CF005DFE01 /* hello-worldTests.xctest */,
				4729E5781F7BA9CF005DFE01 /* hello-worldUITests.xctest */,
			);
			name = Products;
			sourceTree = "<group>";
		};
		4729E55B1F7BA9CF005DFE01 /* hello-world */ = {
			isa = PBXGroup;
			children = (
				4729E55C1F7BA9CF005DFE01 /* AppDelegate.swift */,
				4729E55E1F7BA9CF005DFE01 /* ViewController.swift */,
				4729E5601F7BA9CF005DFE01 /* Main.storyboard */,
				4729E5631F7BA9CF005DFE01 /* Assets.xcassets */,
				4729E5651F7BA9CF005DFE01 /* LaunchScreen.storyboard */,
				4729E5681F7BA9CF005DFE01 /* Info.plist */,
			);
			path = "hello-world";
			sourceTree = "<group>";
		};
		4729E5701F7BA9CF005DFE01 /* hello-worldTests */ = {
			isa = PBXGroup;
			children = (
				4729E5711F7BA9CF005DFE01 /* hello_worldTests.swift */,
				4729E5731F7BA9CF005DFE01 /* Info.plist */,
			);
			path = "hello-worldTests";
			sourceTree = "<group>";
		};
		4729E57B1F7BA9CF005DFE01 /* hello-worldUITests */ = {
			isa = PBXGroup;
			children = (
				4729E57C1F7BA9CF005DFE01 /* hello_worldUITests.swift */,
				4729E57E1F7BA9CF005DFE01 /* Info.plist */,
			);
			path = "hello-worldUITests";
			sourceTree = "<group>";
		};
		A0DC7B13DB25A34AD70881AD /* Frameworks */ = {
			isa = PBXGroup;
			children = (
				3B141A474F6570036CB25D99 /* libPods-hello-world.a */,
			);
			name = Frameworks;
			sourceTree = "<group>";
		};
/* End PBXGroup section */

/* Begin PBXNativeTarget section */
		4729E5581F7BA9CF005DFE01 /* hello-world */ = {
			isa = PBXNativeTarget;
			buildConfigurationList = 4729E5811F7BA9CF005DFE01 /* Build configuration list for PBXNativeTarget "hello-world" */;
			buildPhases = (
				3FEE73B175DA46B30C058505 /* [CP] Check Pods Manifest.lock */,
				4729E5551F7BA9CF005DFE01 /* Sources */,
				4729E5561F7BA9CF005DFE01 /* Frameworks */,
				4729E5571F7BA9CF005DFE01 /* Resources */,
			);
			buildRules = (
			);
			dependencies = (
			);
			name = "hello-world";
			productName = "hello-world";
			productReference = 4729E5591F7BA9CF005DFE01 /* hello-world.app */;
			productType = "com.apple.product-type.application";
		};
		4729E56C1F7BA9CF005DFE01 /* hello-worldTests */ = {
			isa = PBXNativeTarget;
			buildConfigurationList = 4729E5841F7BA9CF005DFE01 /* Build configuration list for PBXNativeTarget "hello-worldTests" */;
			buildPhases = (
				4729E5691F7BA9CF005DFE01 /* Sources */,
				4729E56A1F7BA9CF005DFE01 /* Frameworks */,
				4729E56B1F7BA9CF005DFE01 /* Resources */,
			);
			buildRules = (
			);
			dependencies = (
				4729E56F1F7BA9CF005DFE01 /* PBXTargetDependency */,
			);
			name = "hello-worldTests";
			productName = "hello-worldTests";
			productReference = 4729E56D1F7BA9CF005DFE01 /* hello-worldTests.xctest */;
			productType = "com.apple.product-type.bundle.unit-test";
		};
		4729E5771F7BA9CF005DFE01 /* hello-worldUITests */ = {
			isa = PBXNativeTarget;
			buildConfigurationList = 4729E5871F7BA9CF005DFE01 /* Build configuration list for PBXNativeTarget "hello-worldUITests" */;
			buildPhases = (
				4729E5741F7BA9CF005DFE01 /* Sources */,
				4729E5751F7BA9CF005DFE01 /* Frameworks */,
				4729E5761F7BA9CF005DFE01 /* Resources */,
			);
			buildRules = (
			);
			dependencies = (
				4729E57A1F7BA9CF005DFE01 /* PBXTargetDependency */,
			);
			name = "hello-worldUITests";
			productName = "hello-worldUITests";
			productReference = 4729E5781F7BA9CF005DFE01 /* hello-worldUITests.xctest */;
			productType = "com.apple.product-type.bundle.ui-testing";
		};
/* End PBXNativeTarget section */

/* Begin PBXProject section */
		4729E5511F7BA9CF005DFE01 /* Project object */ = {
			isa = PBXProject;
			attributes = {
				LastSwiftUpdateCheck = 0900;
				LastUpgradeCheck = 0900;
				ORGANIZATIONNAME = "liu ming";
				TargetAttributes = {
					4729E5581F7BA9CF005DFE01 = {
						CreatedOnToolsVersion = 9.0;
						ProvisioningStyle = Automatic;
					};
					4729E56C1F7BA9CF005DFE01 = {
						CreatedOnToolsVersion = 9.0;
						ProvisioningStyle = Automatic;
						TestTargetID = 4729E5581F7BA9CF005DFE01;
					};
					4729E5771F7BA9CF005DFE01 = {
						CreatedOnToolsVersion = 9.0;
						ProvisioningStyle = Automatic;
						TestTargetID = 4729E5581F7BA9CF005DFE01;
					};
				};
			};
			buildConfigurationList = 4729E5541F7BA9CF005DFE01 /* Build configuration list for PBXProject "hello-world" */;
			compatibilityVersion = "Xcode 8.0";
			developmentRegion = en;
			hasScannedForEncodings = 0;
			knownRegions = (
				en,
				Base,
			);
			mainGroup = 4729E5501F7BA9CF005DFE01;
			productRefGroup = 4729E55A1F7BA9CF005DFE01 /* Products */;
			projectDirPath = "";
			projectRoot = "";
			targets = (
				4729E5581F7BA9CF005DFE01 /* hello-world */,
				4729E56C1F7BA9CF005DFE01 /* hello-worldTests */,
				4729E5771F7BA9CF005DFE01 /* hello-worldUITests */,
			);
		};
/* End PBXProject section */

/* Begin PBXResourcesBuildPhase section */
		4729E5571F7BA9CF005DFE01 /* Resources */ = {
			isa = PBXResourcesBuildPhase;
			buildActionMask = 2147483647;
			files = (
				4729E5671F7BA9CF005DFE01 /* LaunchScreen.storyboard in Resources */,
				4729E5641F7BA9CF005DFE01 /* Assets.xcassets in Resources */,
				4729E5621F7BA9CF005DFE01 /* Main.storyboard in Resources */,
			);
			runOnlyForDeploymentPostprocessing = 0;
		};
		4729E56B1F7BA9CF005DFE01 /* Resources */ = {
			isa = PBXResourcesBuildPhase;
			buildActionMask = 2147483647;
			files = (
			);
			runOnlyForDeploymentPostprocessing = 0;
		};
		4729E5761F7BA9CF005DFE01 /* Resources */ = {
			isa = PBXResourcesBuildPhase;
			buildActionMask = 2147483647;
			files = (
			);
			runOnlyForDeploymentPostprocessing = 0;
		};
/* End PBXResourcesBuildPhase section */

/* Begin PBXShellScriptBuildPhase section */
		3FEE73B175DA46B30C058505 /* [CP] Check Pods Manifest.lock */ = {
			isa = PBXShellScriptBuildPhase;
			buildActionMask = 2147483647;
			files = (
			);
			inputPaths = (
				"${PODS_PODFILE_DIR_PATH}/Podfile.lock",
				"${PODS_ROOT}/Manifest.lock",
			);
			name = "[CP] Check Pods Manifest.lock";
			outputPaths = (
				"$(DERIVED_FILE_DIR)/Pods-hello-world-checkManifestLockResult.txt",
			);
			runOnlyForDeploymentPostprocessing = 0;
			shellPath = /bin/sh;
			shellScript = "diff \"${PODS_PODFILE_DIR_PATH}/Podfile.lock\" \"${PODS_ROOT}/Manifest.lock\" > /dev/null\nif [ $? != 0 ] ; then\n    # print error to STDERR\n    echo \"error: The sandbox is not in sync with the Podfile.lock. Run 'pod install' or update your CocoaPods installation.\" >&2\n    exit 1\nfi\n# This output is used by Xcode 'outputs' to avoid re-running this script phase.\necho \"SUCCESS\" > \"${SCRIPT_OUTPUT_FILE_0}\"\n";
			showEnvVarsInLog = 0;
		};
/* End PBXShellScriptBuildPhase section */

/* Begin PBXSourcesBuildPhase section */
		4729E5551F7BA9CF005DFE01 /* Sources */ = {
			isa = PBXSourcesBuildPhase;
			buildActionMask = 2147483647;
			files = (
				4729E55F1F7BA9CF005DFE01 /* ViewController.swift in Sources */,
				4729E55D1F7BA9CF005DFE01 /* AppDelegate.swift in Sources */,
			);
			runOnlyForDeploymentPostprocessing = 0;
		};
		4729E5691F7BA9CF005DFE01 /* Sources */ = {
			isa = PBXSourcesBuildPhase;
			buildActionMask = 2147483647;
			files = (
				4729E5721F7BA9CF005DFE01 /* hello_worldTests.swift in Sources */,
			);
			runOnlyForDeploymentPostprocessing = 0;
		};
		4729E5741F7BA9CF005DFE01 /* Sources */ = {
			isa = PBXSourcesBuildPhase;
			buildActionMask = 2147483647;
			files = (
				4729E57D1F7BA9CF005DFE01 /* hello_worldUITests.swift in Sources */,
			);
			runOnlyForDeploymentPostprocessing = 0;
		};
/* End PBXSourcesBuildPhase section */

/* Begin PBXTargetDependency section */
		4729E56F1F7BA9CF005DFE01 /* PBXTargetDependency */ = {
			isa = PBXTargetDependency;
			target = 4729E5581F7BA9CF005DFE01 /* hello-world */;
			targetProxy = 4729E56E1F7BA9CF005DFE01 /* PBXContainerItemProxy */;
		};
		4729E57A1F7BA9CF005DFE01 /* PBXTargetDependency */ = {
			isa = PBXTargetDependency;
			target = 4729E5581F7BA9CF005DFE01 /* hello-world */;
			targetProxy = 4729E5791F7BA9CF005DFE01 /* PBXContainerItemProxy */;
		};
/* End PBXTargetDependency section */

/* Begin PBXVariantGroup section */
		4729E5601F7BA9CF005DFE01 /* Main.storyboard */ = {
			isa = PBXVariantGroup;
			children = (
				4729E5611F7BA9CF005DFE01 /* Base */,
			);
			name = Main.storyboard;
			sourceTree = "<group>";
		};
		4729E5651F7BA9CF005DFE01 /* LaunchScreen.storyboard */ = {
			isa = PBXVariantGroup;
			children = (
				4729E5661F7BA9CF005DFE01 /* Base */,
			);
			name = LaunchScreen.storyboard;
			sourceTree = "<group>";
		};
/* End PBXVariantGroup section */

/* Begin XCBuildConfiguration section */
		4729E57F1F7BA9CF005DFE01 /* Debug */ = {
			isa = XCBuildConfiguration;
			buildSettings = {
				ALWAYS_SEARCH_USER_PATHS = NO;
				CLANG_ANALYZER_NONNULL = YES;
				CLANG_ANALYZER_NUMBER_OBJECT_CONVERSION = YES_AGGRESSIVE;
				CLANG_CXX_LANGUAGE_STANDARD = "gnu++14";
				CLANG_CXX_LIBRARY = "libc++";
				CLANG_ENABLE_MODULES = YES;
				CLANG_ENABLE_OBJC_ARC = YES;
				CLANG_WARN_BLOCK_CAPTURE_AUTORELEASING = YES;
				CLANG_WARN_BOOL_CONVERSION = YES;
				CLANG_WARN_COMMA = YES;
				CLANG_WARN_CONSTANT_CONVERSION = YES;
				CLANG_WARN_DIRECT_OBJC_ISA_USAGE = YES_ERROR;
				CLANG_WARN_DOCUMENTATION_COMMENTS = YES;
				CLANG_WARN_EMPTY_BODY = YES;
				CLANG_WARN_ENUM_CONVERSION = YES;
				CLANG_WARN_INFINITE_RECURSION = YES;
				CLANG_WARN_INT_CONVERSION = YES;
				CLANG_WARN_NON_LITERAL_NULL_CONVERSION = YES;
				CLANG_WARN_OBJC_LITERAL_CONVERSION = YES;
				CLANG_WARN_OBJC_ROOT_CLASS = YES_ERROR;
				CLANG_WARN_RANGE_LOOP_ANALYSIS = YES;
				CLANG_WARN_STRICT_PROTOTYPES = YES;
				CLANG_WARN_SUSPICIOUS_MOVE = YES;
				CLANG_WARN_UNGUARDED_AVAILABILITY = YES_AGGRESSIVE;
				CLANG_WARN_UNREACHABLE_CODE = YES;
				CLANG_WARN__DUPLICATE_METHOD_MATCH = YES;
				CODE_SIGN_IDENTITY = "iPhone Developer";
				COPY_PHASE_STRIP = NO;
				DEBUG_INFORMATION_FORMAT = dwarf;
				ENABLE_STRICT_OBJC_MSGSEND = YES;
				ENABLE_TESTABILITY = YES;
				GCC_C_LANGUAGE_STANDARD = gnu11;
				GCC_DYNAMIC_NO_PIC = NO;
				GCC_NO_COMMON_BLOCKS = YES;
				GCC_OPTIMIZATION_LEVEL = 0;
				GCC_PREPROCESSOR_DEFINITIONS = (
					"DEBUG=1",
					"$(inherited)",
				);
				GCC_WARN_64_TO_32_BIT_CONVERSION = YES;
				GCC_WARN_ABOUT_RETURN_TYPE = YES_ERROR;
				GCC_WARN_UNDECLARED_SELECTOR = YES;
				GCC_WARN_UNINITIALIZED_AUTOS = YES_AGGRESSIVE;
				GCC_WARN_UNUSED_FUNCTION = YES;
				GCC_WARN_UNUSED_VARIABLE = YES;
				IPHONEOS_DEPLOYMENT_TARGET = 9.0;
				MTL_ENABLE_DEBUG_INFO = YES;
				ONLY_ACTIVE_ARCH = YES;
				SDKROOT = iphoneos;
				SWIFT_ACTIVE_COMPILATION_CONDITIONS = DEBUG;
				SWIFT_OPTIMIZATION_LEVEL = "-Onone";
			};
			name = Debug;
		};
		4729E5801F7BA9CF005DFE01 /* Release */ = {
			isa = XCBuildConfiguration;
			buildSettings = {
				ALWAYS_SEARCH_USER_PATHS = NO;
				CLANG_ANALYZER_NONNULL = YES;
				CLANG_ANALYZER_NUMBER_OBJECT_CONVERSION = YES_AGGRESSIVE;
				CLANG_CXX_LANGUAGE_STANDARD = "gnu++14";
				CLANG_CXX_LIBRARY = "libc++";
				CLANG_ENABLE_MODULES = YES;
				CLANG_ENABLE_OBJC_ARC = YES;
				CLANG_WARN_BLOCK_CAPTURE_AUTORELEASING = YES;
				CLANG_WARN_BOOL_CONVERSION = YES;
				CLANG_WARN_COMMA = YES;
				CLANG_WARN_CONSTANT_CONVERSION = YES;
				CLANG_WARN_DIRECT_OBJC_ISA_USAGE = YES_ERROR;
				CLANG_WARN_DOCUMENTATION_COMMENTS = YES;
				CLANG_WARN_EMPTY_BODY = YES;
				CLANG_WARN_ENUM_CONVERSION = YES;
				CLANG_WARN_INFINITE_RECURSION = YES;
				CLANG_WARN_INT_CONVERSION = YES;
				CLANG_WARN_NON_LITERAL_NULL_CONVERSION = YES;
				CLANG_WARN_OBJC_LITERAL_CONVERSION = YES;
				CLANG_WARN_OBJC_ROOT_CLASS = YES_ERROR;
				CLANG_WARN_RANGE_LOOP_ANALYSIS = YES;
				CLANG_WARN_STRICT_PROTOTYPES = YES;
				CLANG_WARN_SUSPICIOUS_MOVE = YES;
				CLANG_WARN_UNGUARDED_AVAILABILITY = YES_AGGRESSIVE;
				CLANG_WARN_UNREACHABLE_CODE = YES;
				CLANG_WARN__DUPLICATE_METHOD_MATCH = YES;
				CODE_SIGN_IDENTITY = "iPhone Developer";
				COPY_PHASE_STRIP = NO;
				DEBUG_INFORMATION_FORMAT = "dwarf-with-dsym";
				ENABLE_NS_ASSERTIONS = NO;
				ENABLE_STRICT_OBJC_MSGSEND = YES;
				GCC_C_LANGUAGE_STANDARD = gnu11;
				GCC_NO_COMMON_BLOCKS = YES;
				GCC_WARN_64_TO_32_BIT_CONVERSION = YES;
				GCC_WARN_ABOUT_RETURN_TYPE = YES_ERROR;
				GCC_WARN_UNDECLARED_SELECTOR = YES;
				GCC_WARN_UNINITIALIZED_AUTOS = YES_AGGRESSIVE;
				GCC_WARN_UNUSED_FUNCTION = YES;
				GCC_WARN_UNUSED_VARIABLE = YES;
				IPHONEOS_DEPLOYMENT_TARGET = 9.0;
				MTL_ENABLE_DEBUG_INFO = NO;
				SDKROOT = iphoneos;
				SWIFT_OPTIMIZATION_LEVEL = "-Owholemodule";
				VALIDATE_PRODUCT = YES;
			};
			name = Release;
		};
		4729E5821F7BA9CF005DFE01 /* Debug */ = {
			isa = XCBuildConfiguration;
			baseConfigurationReference = 4D40BE723338A3FAE8A9B28D /* Pods-hello-world.debug.xcconfig */;
			buildSettings = {
				ASSETCATALOG_COMPILER_APPICON_NAME = AppIcon;
				CODE_SIGN_STYLE = Automatic;
				DEVELOPMENT_TEAM = 8QY2MN5UJ9;
				ENABLE_BITCODE = NO;
				INFOPLIST_FILE = "hello-world/Info.plist";
				LD_RUNPATH_SEARCH_PATHS = "$(inherited) @executable_path/Frameworks";
				PRODUCT_BUNDLE_IDENTIFIER = "com.easilydo.hello-world";
				PRODUCT_NAME = "$(TARGET_NAME)";
				SWIFT_VERSION = 4.0;
				TARGETED_DEVICE_FAMILY = "1,2";
			};
			name = Debug;
		};
		4729E5831F7BA9CF005DFE01 /* Release */ = {
			isa = XCBuildConfiguration;
			baseConfigurationReference = 79CA2A554395D08484F3A786 /* Pods-hello-world.release.xcconfig */;
			buildSettings = {
				ASSETCATALOG_COMPILER_APPICON_NAME = AppIcon;
				CODE_SIGN_STYLE = Automatic;
				DEVELOPMENT_TEAM = 8QY2MN5UJ9;
				ENABLE_BITCODE = NO;
				INFOPLIST_FILE = "hello-world/Info.plist";
				LD_RUNPATH_SEARCH_PATHS = "$(inherited) @executable_path/Frameworks";
				PRODUCT_BUNDLE_IDENTIFIER = "com.easilydo.hello-world";
				PRODUCT_NAME = "$(TARGET_NAME)";
				SWIFT_VERSION = 4.0;
				TARGETED_DEVICE_FAMILY = "1,2";
			};
			name = Release;
		};
		4729E5851F7BA9CF005DFE01 /* Debug */ = {
			isa = XCBuildConfiguration;
			buildSettings = {
				ALWAYS_EMBED_SWIFT_STANDARD_LIBRARIES = YES;
				BUNDLE_LOADER = "$(TEST_HOST)";
				CODE_SIGN_STYLE = Automatic;
				DEVELOPMENT_TEAM = 8QY2MN5UJ9;
				INFOPLIST_FILE = "hello-worldTests/Info.plist";
				LD_RUNPATH_SEARCH_PATHS = "$(inherited) @executable_path/Frameworks @loader_path/Frameworks";
				PRODUCT_BUNDLE_IDENTIFIER = "com.easilydo.hello-worldTests";
				PRODUCT_NAME = "$(TARGET_NAME)";
				SWIFT_VERSION = 4.0;
				TARGETED_DEVICE_FAMILY = "1,2";
				TEST_HOST = "$(BUILT_PRODUCTS_DIR)/hello-world.app/hello-world";
			};
			name = Debug;
		};
		4729E5861F7BA9CF005DFE01 /* Release */ = {
			isa = XCBuildConfiguration;
			buildSettings = {
				ALWAYS_EMBED_SWIFT_STANDARD_LIBRARIES = YES;
				BUNDLE_LOADER = "$(TEST_HOST)";
				CODE_SIGN_STYLE = Automatic;
				DEVELOPMENT_TEAM = 8QY2MN5UJ9;
				INFOPLIST_FILE = "hello-worldTests/Info.plist";
				LD_RUNPATH_SEARCH_PATHS = "$(inherited) @executable_path/Frameworks @loader_path/Frameworks";
				PRODUCT_BUNDLE_IDENTIFIER = "com.easilydo.hello-worldTests";
				PRODUCT_NAME = "$(TARGET_NAME)";
				SWIFT_VERSION = 4.0;
				TARGETED_DEVICE_FAMILY = "1,2";
				TEST_HOST = "$(BUILT_PRODUCTS_DIR)/hello-world.app/hello-world";
			};
			name = Release;
		};
		4729E5881F7BA9CF005DFE01 /* Debug */ = {
			isa = XCBuildConfiguration;
			buildSettings = {
				ALWAYS_EMBED_SWIFT_STANDARD_LIBRARIES = YES;
				CODE_SIGN_STYLE = Automatic;
				DEVELOPMENT_TEAM = 8QY2MN5UJ9;
				INFOPLIST_FILE = "hello-worldUITests/Info.plist";
				LD_RUNPATH_SEARCH_PATHS = "$(inherited) @executable_path/Frameworks @loader_path/Frameworks";
				PRODUCT_BUNDLE_IDENTIFIER = "com.easilydo.hello-worldUITests";
				PRODUCT_NAME = "$(TARGET_NAME)";
				SWIFT_VERSION = 4.0;
				TARGETED_DEVICE_FAMILY = "1,2";
				TEST_TARGET_NAME = "hello-world";
			};
			name = Debug;
		};
		4729E5891F7BA9CF005DFE01 /* Release */ = {
			isa = XCBuildConfiguration;
			buildSettings = {
				ALWAYS_EMBED_SWIFT_STANDARD_LIBRARIES = YES;
				CODE_SIGN_STYLE = Automatic;
				DEVELOPMENT_TEAM = 8QY2MN5UJ9;
				INFOPLIST_FILE = "hello-worldUITests/Info.plist";
				LD_RUNPATH_SEARCH_PATHS = "$(inherited) @executable_path/Frameworks @loader_path/Frameworks";
				PRODUCT_BUNDLE_IDENTIFIER = "com.easilydo.hello-worldUITests";
				PRODUCT_NAME = "$(TARGET_NAME)";
				SWIFT_VERSION = 4.0;
				TARGETED_DEVICE_FAMILY = "1,2";
				TEST_TARGET_NAME = "hello-world";
			};
			name = Release;
		};
/* End XCBuildConfiguration section */

/* Begin XCConfigurationList section */
		4729E5541F7BA9CF005DFE01 /* Build configuration list for PBXProject "hello-world" */ = {
			isa = XCConfigurationList;
			buildConfigurations = (
				4729E57F1F7BA9CF005DFE01 /* Debug */,
				4729E5801F7BA9CF005DFE01 /* Release */,
			);
			defaultConfigurationIsVisible = 0;
			defaultConfigurationName = Release;
		};
		4729E5811F7BA9CF005DFE01 /* Build configuration list for PBXNativeTarget "hello-world" */ = {
			isa = XCConfigurationList;
			buildConfigurations = (
				4729E5821F7BA9CF005DFE01 /* Debug */,
				4729E5831F7BA9CF005DFE01 /* Release */,
			);
			defaultConfigurationIsVisible = 0;
			defaultConfigurationName = Release;
		};
		4729E5841F7BA9CF005DFE01 /* Build configuration list for PBXNativeTarget "hello-worldTests" */ = {
			isa = XCConfigurationList;
			buildConfigurations = (
				4729E5851F7BA9CF005DFE01 /* Debug */,
				4729E5861F7BA9CF005DFE01 /* Release */,
			);
			defaultConfigurationIsVisible = 0;
			defaultConfigurationName = Release;
		};
		4729E5871F7BA9CF005DFE01 /* Build configuration list for PBXNativeTarget "hello-worldUITests" */ = {
			isa = XCConfigurationList;
			buildConfigurations = (
				4729E5881F7BA9CF005DFE01 /* Debug */,
				4729E5891F7BA9CF005DFE01 /* Release */,
			);
			defaultConfigurationIsVisible = 0;
			defaultConfigurationName = Release;
		};
/* End XCConfigurationList section */
	};
	rootObject = 4729E5511F7BA9CF005DFE01 /* Project object */;
}
