// !$*UTF8*$!
{
	archiveVersion = 1;
	classes = {
	};
	objectVersion = 46;
	objects = {

/* Begin PBXBuildFile section */
		61BBC0D31F7B82B4006E82E0 /* AppDelegate.swift in Sources */ = {isa = PBXBuildFile; fileRef = 61BBC0D21F7B82B4006E82E0 /* AppDelegate.swift */; };
		61BBC0D51F7B82B4006E82E0 /* ViewController.swift in Sources */ = {isa = PBXBuildFile; fileRef = 61BBC0D41F7B82B4006E82E0 /* ViewController.swift */; };
		61BBC0D81F7B82B4006E82E0 /* Main.storyboard in Resources */ = {isa = PBXBuildFile; fileRef = 61BBC0D61F7B82B4006E82E0 /* Main.storyboard */; };
		61BBC0DA1F7B82B4006E82E0 /* Assets.xcassets in Resources */ = {isa = PBXBuildFile; fileRef = 61BBC0D91F7B82B4006E82E0 /* Assets.xcassets */; };
		61BBC0DD1F7B82B4006E82E0 /* LaunchScreen.storyboard in Resources */ = {isa = PBXBuildFile; fileRef = 61BBC0DB1F7B82B4006E82E0 /* LaunchScreen.storyboard */; };
		61BBC0E81F7B82B4006E82E0 /* hello_worldTests.swift in Sources */ = {isa = PBXBuildFile; fileRef = 61BBC0E71F7B82B4006E82E0 /* hello_worldTests.swift */; };
		61BBC0F31F7B82B4006E82E0 /* hello_worldUITests.swift in Sources */ = {isa = PBXBuildFile; fileRef = 61BBC0F21F7B82B4006E82E0 /* hello_worldUITests.swift */; };
/* End PBXBuildFile section */

/* Begin PBXContainerItemProxy section */
		61BBC0E41F7B82B4006E82E0 /* PBXContainerItemProxy */ = {
			isa = PBXContainerItemProxy;
			containerPortal = 61BBC0C71F7B82B3006E82E0 /* Project object */;
			proxyType = 1;
			remoteGlobalIDString = 61BBC0CE1F7B82B4006E82E0;
			remoteInfo = "hello-world";
		};
		61BBC0EF1F7B82B4006E82E0 /* PBXContainerItemProxy */ = {
			isa = PBXContainerItemProxy;
			containerPortal = 61BBC0C71F7B82B3006E82E0 /* Project object */;
			proxyType = 1;
			remoteGlobalIDString = 61BBC0CE1F7B82B4006E82E0;
			remoteInfo = "hello-world";
		};
/* End PBXContainerItemProxy section */

/* Begin PBXFileReference section */
		61BBC0CF1F7B82B4006E82E0 /* hello-world.app */ = {isa = PBXFileReference; explicitFileType = wrapper.application; includeInIndex = 0; path = "hello-world.app"; sourceTree = BUILT_PRODUCTS_DIR; };
		61BBC0D21F7B82B4006E82E0 /* AppDelegate.swift */ = {isa = PBXFileReference; lastKnownFileType = sourcecode.swift; path = AppDelegate.swift; sourceTree = "<group>"; };
		61BBC0D41F7B82B4006E82E0 /* ViewController.swift */ = {isa = PBXFileReference; lastKnownFileType = sourcecode.swift; path = ViewController.swift; sourceTree = "<group>"; };
		61BBC0D71F7B82B4006E82E0 /* Base */ = {isa = PBXFileReference; lastKnownFileType = file.storyboard; name = Base; path = Base.lproj/Main.storyboard; sourceTree = "<group>"; };
		61BBC0D91F7B82B4006E82E0 /* Assets.xcassets */ = {isa = PBXFileReference; lastKnownFileType = folder.assetcatalog; path = Assets.xcassets; sourceTree = "<group>"; };
		61BBC0DC1F7B82B4006E82E0 /* Base */ = {isa = PBXFileReference; lastKnownFileType = file.storyboard; name = Base; path = Base.lproj/LaunchScreen.storyboard; sourceTree = "<group>"; };
		61BBC0DE1F7B82B4006E82E0 /* Info.plist */ = {isa = PBXFileReference; lastKnownFileType = text.plist.xml; path = Info.plist; sourceTree = "<group>"; };
		61BBC0E31F7B82B4006E82E0 /* hello-worldTests.xctest */ = {isa = PBXFileReference; explicitFileType = wrapper.cfbundle; includeInIndex = 0; path = "hello-worldTests.xctest"; sourceTree = BUILT_PRODUCTS_DIR; };
		61BBC0E71F7B82B4006E82E0 /* hello_worldTests.swift */ = {isa = PBXFileReference; lastKnownFileType = sourcecode.swift; path = hello_worldTests.swift; sourceTree = "<group>"; };
		61BBC0E91F7B82B4006E82E0 /* Info.plist */ = {isa = PBXFileReference; lastKnownFileType = text.plist.xml; path = Info.plist; sourceTree = "<group>"; };
		61BBC0EE1F7B82B4006E82E0 /* hello-worldUITests.xctest */ = {isa = PBXFileReference; explicitFileType = wrapper.cfbundle; includeInIndex = 0; path = "hello-worldUITests.xctest"; sourceTree = BUILT_PRODUCTS_DIR; };
		61BBC0F21F7B82B4006E82E0 /* hello_worldUITests.swift */ = {isa = PBXFileReference; lastKnownFileType = sourcecode.swift; path = hello_worldUITests.swift; sourceTree = "<group>"; };
		61BBC0F41F7B82B4006E82E0 /* Info.plist */ = {isa = PBXFileReference; lastKnownFileType = text.plist.xml; path = Info.plist; sourceTree = "<group>"; };
/* End PBXFileReference section */

/* Begin PBXFrameworksBuildPhase section */
		61BBC0CC1F7B82B4006E82E0 /* Frameworks */ = {
			isa = PBXFrameworksBuildPhase;
			buildActionMask = 2147483647;
			files = (
			);
			runOnlyForDeploymentPostprocessing = 0;
		};
		61BBC0E01F7B82B4006E82E0 /* Frameworks */ = {
			isa = PBXFrameworksBuildPhase;
			buildActionMask = 2147483647;
			files = (
			);
			runOnlyForDeploymentPostprocessing = 0;
		};
		61BBC0EB1F7B82B4006E82E0 /* Frameworks */ = {
			isa = PBXFrameworksBuildPhase;
			buildActionMask = 2147483647;
			files = (
			);
			runOnlyForDeploymentPostprocessing = 0;
		};
/* End PBXFrameworksBuildPhase section */

/* Begin PBXGroup section */
		61BBC0C61F7B82B3006E82E0 = {
			isa = PBXGroup;
			children = (
				61BBC0D11F7B82B4006E82E0 /* hello-world */,
				61BBC0E61F7B82B4006E82E0 /* hello-worldTests */,
				61BBC0F11F7B82B4006E82E0 /* hello-worldUITests */,
				61BBC0D01F7B82B4006E82E0 /* Products */,
			);
			sourceTree = "<group>";
		};
		61BBC0D01F7B82B4006E82E0 /* Products */ = {
			isa = PBXGroup;
			children = (
				61BBC0CF1F7B82B4006E82E0 /* hello-world.app */,
				61BBC0E31F7B82B4006E82E0 /* hello-worldTests.xctest */,
				61BBC0EE1F7B82B4006E82E0 /* hello-worldUITests.xctest */,
			);
			name = Products;
			sourceTree = "<group>";
		};
		61BBC0D11F7B82B4006E82E0 /* hello-world */ = {
			isa = PBXGroup;
			children = (
				61BBC0D21F7B82B4006E82E0 /* AppDelegate.swift */,
				61BBC0D41F7B82B4006E82E0 /* ViewController.swift */,
				61BBC0D61F7B82B4006E82E0 /* Main.storyboard */,
				61BBC0D91F7B82B4006E82E0 /* Assets.xcassets */,
				61BBC0DB1F7B82B4006E82E0 /* LaunchScreen.storyboard */,
				61BBC0DE1F7B82B4006E82E0 /* Info.plist */,
			);
			path = "hello-world";
			sourceTree = "<group>";
		};
		61BBC0E61F7B82B4006E82E0 /* hello-worldTests */ = {
			isa = PBXGroup;
			children = (
				61BBC0E71F7B82B4006E82E0 /* hello_worldTests.swift */,
				61BBC0E91F7B82B4006E82E0 /* Info.plist */,
			);
			path = "hello-worldTests";
			sourceTree = "<group>";
		};
		61BBC0F11F7B82B4006E82E0 /* hello-worldUITests */ = {
			isa = PBXGroup;
			children = (
				61BBC0F21F7B82B4006E82E0 /* hello_worldUITests.swift */,
				61BBC0F41F7B82B4006E82E0 /* Info.plist */,
			);
			path = "hello-worldUITests";
			sourceTree = "<group>";
		};
/* End PBXGroup section */

/* Begin PBXNativeTarget section */
		61BBC0CE1F7B82B4006E82E0 /* hello-world */ = {
			isa = PBXNativeTarget;
			buildConfigurationList = 61BBC0F71F7B82B4006E82E0 /* Build configuration list for PBXNativeTarget "hello-world" */;
			buildPhases = (
				61BBC0CB1F7B82B4006E82E0 /* Sources */,
				61BBC0CC1F7B82B4006E82E0 /* Frameworks */,
				61BBC0CD1F7B82B4006E82E0 /* Resources */,
			);
			buildRules = (
			);
			dependencies = (
			);
			name = "hello-world";
			productName = "hello-world";
			productReference = 61BBC0CF1F7B82B4006E82E0 /* hello-world.app */;
			productType = "com.apple.product-type.application";
		};
		61BBC0E21F7B82B4006E82E0 /* hello-worldTests */ = {
			isa = PBXNativeTarget;
			buildConfigurationList = 61BBC0FA1F7B82B4006E82E0 /* Build configuration list for PBXNativeTarget "hello-worldTests" */;
			buildPhases = (
				61BBC0DF1F7B82B4006E82E0 /* Sources */,
				61BBC0E01F7B82B4006E82E0 /* Frameworks */,
				61BBC0E11F7B82B4006E82E0 /* Resources */,
			);
			buildRules = (
			);
			dependencies = (
				61BBC0E51F7B82B4006E82E0 /* PBXTargetDependency */,
			);
			name = "hello-worldTests";
			productName = "hello-worldTests";
			productReference = 61BBC0E31F7B82B4006E82E0 /* hello-worldTests.xctest */;
			productType = "com.apple.product-type.bundle.unit-test";
		};
		61BBC0ED1F7B82B4006E82E0 /* hello-worldUITests */ = {
			isa = PBXNativeTarget;
			buildConfigurationList = 61BBC0FD1F7B82B4006E82E0 /* Build configuration list for PBXNativeTarget "hello-worldUITests" */;
			buildPhases = (
				61BBC0EA1F7B82B4006E82E0 /* Sources */,
				61BBC0EB1F7B82B4006E82E0 /* Frameworks */,
				61BBC0EC1F7B82B4006E82E0 /* Resources */,
			);
			buildRules = (
			);
			dependencies = (
				61BBC0F01F7B82B4006E82E0 /* PBXTargetDependency */,
			);
			name = "hello-worldUITests";
			productName = "hello-worldUITests";
			productReference = 61BBC0EE1F7B82B4006E82E0 /* hello-worldUITests.xctest */;
			productType = "com.apple.product-type.bundle.ui-testing";
		};
/* End PBXNativeTarget section */

/* Begin PBXProject section */
		61BBC0C71F7B82B3006E82E0 /* Project object */ = {
			isa = PBXProject;
			attributes = {
				LastSwiftUpdateCheck = 0830;
				LastUpgradeCheck = 0830;
				ORGANIZATIONNAME = "张静";
				TargetAttributes = {
					61BBC0CE1F7B82B4006E82E0 = {
						CreatedOnToolsVersion = 8.3.3;
						DevelopmentTeam = 8QY2MN5UJ9;
						ProvisioningStyle = Automatic;
					};
					61BBC0E21F7B82B4006E82E0 = {
						CreatedOnToolsVersion = 8.3.3;
						DevelopmentTeam = 8QY2MN5UJ9;
						ProvisioningStyle = Automatic;
						TestTargetID = 61BBC0CE1F7B82B4006E82E0;
					};
					61BBC0ED1F7B82B4006E82E0 = {
						CreatedOnToolsVersion = 8.3.3;
						DevelopmentTeam = 8QY2MN5UJ9;
						ProvisioningStyle = Automatic;
						TestTargetID = 61BBC0CE1F7B82B4006E82E0;
					};
				};
			};
			buildConfigurationList = 61BBC0CA1F7B82B3006E82E0 /* Build configuration list for PBXProject "hello-world" */;
			compatibilityVersion = "Xcode 3.2";
			developmentRegion = English;
			hasScannedForEncodings = 0;
			knownRegions = (
				en,
				Base,
			);
			mainGroup = 61BBC0C61F7B82B3006E82E0;
			productRefGroup = 61BBC0D01F7B82B4006E82E0 /* Products */;
			projectDirPath = "";
			projectRoot = "";
			targets = (
				61BBC0CE1F7B82B4006E82E0 /* hello-world */,
				61BBC0E21F7B82B4006E82E0 /* hello-worldTests */,
				61BBC0ED1F7B82B4006E82E0 /* hello-worldUITests */,
			);
		};
/* End PBXProject section */

/* Begin PBXResourcesBuildPhase section */
		61BBC0CD1F7B82B4006E82E0 /* Resources */ = {
			isa = PBXResourcesBuildPhase;
			buildActionMask = 2147483647;
			files = (
				61BBC0DD1F7B82B4006E82E0 /* LaunchScreen.storyboard in Resources */,
				61BBC0DA1F7B82B4006E82E0 /* Assets.xcassets in Resources */,
				61BBC0D81F7B82B4006E82E0 /* Main.storyboard in Resources */,
			);
			runOnlyForDeploymentPostprocessing = 0;
		};
		61BBC0E11F7B82B4006E82E0 /* Resources */ = {
			isa = PBXResourcesBuildPhase;
			buildActionMask = 2147483647;
			files = (
			);
			runOnlyForDeploymentPostprocessing = 0;
		};
		61BBC0EC1F7B82B4006E82E0 /* Resources */ = {
			isa = PBXResourcesBuildPhase;
			buildActionMask = 2147483647;
			files = (
			);
			runOnlyForDeploymentPostprocessing = 0;
		};
/* End PBXResourcesBuildPhase section */

/* Begin PBXSourcesBuildPhase section */
		61BBC0CB1F7B82B4006E82E0 /* Sources */ = {
			isa = PBXSourcesBuildPhase;
			buildActionMask = 2147483647;
			files = (
				61BBC0D51F7B82B4006E82E0 /* ViewController.swift in Sources */,
				61BBC0D31F7B82B4006E82E0 /* AppDelegate.swift in Sources */,
			);
			runOnlyForDeploymentPostprocessing = 0;
		};
		61BBC0DF1F7B82B4006E82E0 /* Sources */ = {
			isa = PBXSourcesBuildPhase;
			buildActionMask = 2147483647;
			files = (
				61BBC0E81F7B82B4006E82E0 /* hello_worldTests.swift in Sources */,
			);
			runOnlyForDeploymentPostprocessing = 0;
		};
		61BBC0EA1F7B82B4006E82E0 /* Sources */ = {
			isa = PBXSourcesBuildPhase;
			buildActionMask = 2147483647;
			files = (
				61BBC0F31F7B82B4006E82E0 /* hello_worldUITests.swift in Sources */,
			);
			runOnlyForDeploymentPostprocessing = 0;
		};
/* End PBXSourcesBuildPhase section */

/* Begin PBXTargetDependency section */
		61BBC0E51F7B82B4006E82E0 /* PBXTargetDependency */ = {
			isa = PBXTargetDependency;
			target = 61BBC0CE1F7B82B4006E82E0 /* hello-world */;
			targetProxy = 61BBC0E41F7B82B4006E82E0 /* PBXContainerItemProxy */;
		};
		61BBC0F01F7B82B4006E82E0 /* PBXTargetDependency */ = {
			isa = PBXTargetDependency;
			target = 61BBC0CE1F7B82B4006E82E0 /* hello-world */;
			targetProxy = 61BBC0EF1F7B82B4006E82E0 /* PBXContainerItemProxy */;
		};
/* End PBXTargetDependency section */

/* Begin PBXVariantGroup section */
		61BBC0D61F7B82B4006E82E0 /* Main.storyboard */ = {
			isa = PBXVariantGroup;
			children = (
				61BBC0D71F7B82B4006E82E0 /* Base */,
			);
			name = Main.storyboard;
			sourceTree = "<group>";
		};
		61BBC0DB1F7B82B4006E82E0 /* LaunchScreen.storyboard */ = {
			isa = PBXVariantGroup;
			children = (
				61BBC0DC1F7B82B4006E82E0 /* Base */,
			);
			name = LaunchScreen.storyboard;
			sourceTree = "<group>";
		};
/* End PBXVariantGroup section */

/* Begin XCBuildConfiguration section */
		61BBC0F51F7B82B4006E82E0 /* Debug */ = {
			isa = XCBuildConfiguration;
			buildSettings = {
				ALWAYS_SEARCH_USER_PATHS = NO;
				CLANG_ANALYZER_NONNULL = YES;
				CLANG_ANALYZER_NUMBER_OBJECT_CONVERSION = YES_AGGRESSIVE;
				CLANG_CXX_LANGUAGE_STANDARD = "gnu++0x";
				CLANG_CXX_LIBRARY = "libc++";
				CLANG_ENABLE_MODULES = YES;
				CLANG_ENABLE_OBJC_ARC = YES;
				CLANG_WARN_BOOL_CONVERSION = YES;
				CLANG_WARN_CONSTANT_CONVERSION = YES;
				CLANG_WARN_DIRECT_OBJC_ISA_USAGE = YES_ERROR;
				CLANG_WARN_DOCUMENTATION_COMMENTS = YES;
				CLANG_WARN_EMPTY_BODY = YES;
				CLANG_WARN_ENUM_CONVERSION = YES;
				CLANG_WARN_INFINITE_RECURSION = YES;
				CLANG_WARN_INT_CONVERSION = YES;
				CLANG_WARN_OBJC_ROOT_CLASS = YES_ERROR;
				CLANG_WARN_SUSPICIOUS_MOVE = YES;
				CLANG_WARN_UNREACHABLE_CODE = YES;
				CLANG_WARN__DUPLICATE_METHOD_MATCH = YES;
				"CODE_SIGN_IDENTITY[sdk=iphoneos*]" = "iPhone Developer";
				COPY_PHASE_STRIP = NO;
				DEBUG_INFORMATION_FORMAT = dwarf;
				ENABLE_STRICT_OBJC_MSGSEND = YES;
				ENABLE_TESTABILITY = YES;
				GCC_C_LANGUAGE_STANDARD = gnu99;
				GCC_DYNAMIC_NO_PIC = NO;
				GCC_NO_COMMON_BLOCKS = YES;
				GCC_OPTIMIZATION_LEVEL = 0;
				GCC_PREPROCESSOR_DEFINITIONS = (
					"DEBUG=1",
					"$(inherited)",
				);
				GCC_WARN_64_TO_32_BIT_CONVERSION = YES;
				GCC_WARN_ABOUT_RETURN_TYPE = YES_ERROR;
				GCC_WARN_UNDECLARED_SELECTOR = YES;
				GCC_WARN_UNINITIALIZED_AUTOS = YES_AGGRESSIVE;
				GCC_WARN_UNUSED_FUNCTION = YES;
				GCC_WARN_UNUSED_VARIABLE = YES;
				IPHONEOS_DEPLOYMENT_TARGET = 9.0;
				MTL_ENABLE_DEBUG_INFO = YES;
				ONLY_ACTIVE_ARCH = YES;
				SDKROOT = iphoneos;
				SWIFT_ACTIVE_COMPILATION_CONDITIONS = DEBUG;
				SWIFT_OPTIMIZATION_LEVEL = "-Onone";
			};
			name = Debug;
		};
		61BBC0F61F7B82B4006E82E0 /* Release */ = {
			isa = XCBuildConfiguration;
			buildSettings = {
				ALWAYS_SEARCH_USER_PATHS = NO;
				CLANG_ANALYZER_NONNULL = YES;
				CLANG_ANALYZER_NUMBER_OBJECT_CONVERSION = YES_AGGRESSIVE;
				CLANG_CXX_LANGUAGE_STANDARD = "gnu++0x";
				CLANG_CXX_LIBRARY = "libc++";
				CLANG_ENABLE_MODULES = YES;
				CLANG_ENABLE_OBJC_ARC = YES;
				CLANG_WARN_BOOL_CONVERSION = YES;
				CLANG_WARN_CONSTANT_CONVERSION = YES;
				CLANG_WARN_DIRECT_OBJC_ISA_USAGE = YES_ERROR;
				CLANG_WARN_DOCUMENTATION_COMMENTS = YES;
				CLANG_WARN_EMPTY_BODY = YES;
				CLANG_WARN_ENUM_CONVERSION = YES;
				CLANG_WARN_INFINITE_RECURSION = YES;
				CLANG_WARN_INT_CONVERSION = YES;
				CLANG_WARN_OBJC_ROOT_CLASS = YES_ERROR;
				CLANG_WARN_SUSPICIOUS_MOVE = YES;
				CLANG_WARN_UNREACHABLE_CODE = YES;
				CLANG_WARN__DUPLICATE_METHOD_MATCH = YES;
				"CODE_SIGN_IDENTITY[sdk=iphoneos*]" = "iPhone Developer";
				COPY_PHASE_STRIP = NO;
				DEBUG_INFORMATION_FORMAT = "dwarf-with-dsym";
				ENABLE_NS_ASSERTIONS = NO;
				ENABLE_STRICT_OBJC_MSGSEND = YES;
				GCC_C_LANGUAGE_STANDARD = gnu99;
				GCC_NO_COMMON_BLOCKS = YES;
				GCC_WARN_64_TO_32_BIT_CONVERSION = YES;
				GCC_WARN_ABOUT_RETURN_TYPE = YES_ERROR;
				GCC_WARN_UNDECLARED_SELECTOR = YES;
				GCC_WARN_UNINITIALIZED_AUTOS = YES_AGGRESSIVE;
				GCC_WARN_UNUSED_FUNCTION = YES;
				GCC_WARN_UNUSED_VARIABLE = YES;
				IPHONEOS_DEPLOYMENT_TARGET = 9.0;
				MTL_ENABLE_DEBUG_INFO = NO;
				SDKROOT = iphoneos;
				SWIFT_OPTIMIZATION_LEVEL = "-Owholemodule";
				VALIDATE_PRODUCT = YES;
			};
			name = Release;
		};
		61BBC0F81F7B82B4006E82E0 /* Debug */ = {
			isa = XCBuildConfiguration;
			buildSettings = {
				ASSETCATALOG_COMPILER_APPICON_NAME = AppIcon;
				DEVELOPMENT_TEAM = 8QY2MN5UJ9;
				INFOPLIST_FILE = "hello-world/Info.plist";
				LD_RUNPATH_SEARCH_PATHS = "$(inherited) @executable_path/Frameworks";
				PRODUCT_BUNDLE_IDENTIFIER = "com.easilydo.hello-world";
				PRODUCT_NAME = "$(TARGET_NAME)";
				SWIFT_VERSION = 3.0;
			};
			name = Debug;
		};
		61BBC0F91F7B82B4006E82E0 /* Release */ = {
			isa = XCBuildConfiguration;
			buildSettings = {
				ASSETCATALOG_COMPILER_APPICON_NAME = AppIcon;
				DEVELOPMENT_TEAM = 8QY2MN5UJ9;
				INFOPLIST_FILE = "hello-world/Info.plist";
				LD_RUNPATH_SEARCH_PATHS = "$(inherited) @executable_path/Frameworks";
				PRODUCT_BUNDLE_IDENTIFIER = "com.easilydo.hello-world";
				PRODUCT_NAME = "$(TARGET_NAME)";
				SWIFT_VERSION = 3.0;
			};
			name = Release;
		};
		61BBC0FB1F7B82B4006E82E0 /* Debug */ = {
			isa = XCBuildConfiguration;
			buildSettings = {
				ALWAYS_EMBED_SWIFT_STANDARD_LIBRARIES = YES;
				BUNDLE_LOADER = "$(TEST_HOST)";
				DEVELOPMENT_TEAM = 8QY2MN5UJ9;
				INFOPLIST_FILE = "hello-worldTests/Info.plist";
				LD_RUNPATH_SEARCH_PATHS = "$(inherited) @executable_path/Frameworks @loader_path/Frameworks";
				PRODUCT_BUNDLE_IDENTIFIER = "com.easilydo.hello-world.hello-worldTests";
				PRODUCT_NAME = "$(TARGET_NAME)";
				SWIFT_VERSION = 3.0;
				TEST_HOST = "$(BUILT_PRODUCTS_DIR)/hello-world.app/hello-world";
			};
			name = Debug;
		};
		61BBC0FC1F7B82B4006E82E0 /* Release */ = {
			isa = XCBuildConfiguration;
			buildSettings = {
				ALWAYS_EMBED_SWIFT_STANDARD_LIBRARIES = YES;
				BUNDLE_LOADER = "$(TEST_HOST)";
				DEVELOPMENT_TEAM = 8QY2MN5UJ9;
				INFOPLIST_FILE = "hello-worldTests/Info.plist";
				LD_RUNPATH_SEARCH_PATHS = "$(inherited) @executable_path/Frameworks @loader_path/Frameworks";
				PRODUCT_BUNDLE_IDENTIFIER = "com.easilydo.hello-world.hello-worldTests";
				PRODUCT_NAME = "$(TARGET_NAME)";
				SWIFT_VERSION = 3.0;
				TEST_HOST = "$(BUILT_PRODUCTS_DIR)/hello-world.app/hello-world";
			};
			name = Release;
		};
		61BBC0FE1F7B82B4006E82E0 /* Debug */ = {
			isa = XCBuildConfiguration;
			buildSettings = {
				ALWAYS_EMBED_SWIFT_STANDARD_LIBRARIES = YES;
				DEVELOPMENT_TEAM = 8QY2MN5UJ9;
				INFOPLIST_FILE = "hello-worldUITests/Info.plist";
				LD_RUNPATH_SEARCH_PATHS = "$(inherited) @executable_path/Frameworks @loader_path/Frameworks";
				PRODUCT_BUNDLE_IDENTIFIER = "com.easilydo.hello-world.hello-worldUITests";
				PRODUCT_NAME = "$(TARGET_NAME)";
				SWIFT_VERSION = 3.0;
				TEST_TARGET_NAME = "hello-world";
			};
			name = Debug;
		};
		61BBC0FF1F7B82B4006E82E0 /* Release */ = {
			isa = XCBuildConfiguration;
			buildSettings = {
				ALWAYS_EMBED_SWIFT_STANDARD_LIBRARIES = YES;
				DEVELOPMENT_TEAM = 8QY2MN5UJ9;
				INFOPLIST_FILE = "hello-worldUITests/Info.plist";
				LD_RUNPATH_SEARCH_PATHS = "$(inherited) @executable_path/Frameworks @loader_path/Frameworks";
				PRODUCT_BUNDLE_IDENTIFIER = "com.easilydo.hello-world.hello-worldUITests";
				PRODUCT_NAME = "$(TARGET_NAME)";
				SWIFT_VERSION = 3.0;
				TEST_TARGET_NAME = "hello-world";
			};
			name = Release;
		};
/* End XCBuildConfiguration section */

/* Begin XCConfigurationList section */
		61BBC0CA1F7B82B3006E82E0 /* Build configuration list for PBXProject "hello-world" */ = {
			isa = XCConfigurationList;
			buildConfigurations = (
				61BBC0F51F7B82B4006E82E0 /* Debug */,
				61BBC0F61F7B82B4006E82E0 /* Release */,
			);
			defaultConfigurationIsVisible = 0;
			defaultConfigurationName = Release;
		};
		61BBC0F71F7B82B4006E82E0 /* Build configuration list for PBXNativeTarget "hello-world" */ = {
			isa = XCConfigurationList;
			buildConfigurations = (
				61BBC0F81F7B82B4006E82E0 /* Debug */,
				61BBC0F91F7B82B4006E82E0 /* Release */,
			);
			defaultConfigurationIsVisible = 0;
		};
		61BBC0FA1F7B82B4006E82E0 /* Build configuration list for PBXNativeTarget "hello-worldTests" */ = {
			isa = XCConfigurationList;
			buildConfigurations = (
				61BBC0FB1F7B82B4006E82E0 /* Debug */,
				61BBC0FC1F7B82B4006E82E0 /* Release */,
			);
			defaultConfigurationIsVisible = 0;
		};
		61BBC0FD1F7B82B4006E82E0 /* Build configuration list for PBXNativeTarget "hello-worldUITests" */ = {
			isa = XCConfigurationList;
			buildConfigurations = (
				61BBC0FE1F7B82B4006E82E0 /* Debug */,
				61BBC0FF1F7B82B4006E82E0 /* Release */,
			);
			defaultConfigurationIsVisible = 0;
		};
/* End XCConfigurationList section */
	};
	rootObject = 61BBC0C71F7B82B3006E82E0 /* Project object */;
}
